// !$*UTF8*$!
{
	archiveVersion = 1;
	classes = {
	};
	objectVersion = 56;
	objects = {

/* Begin PBXBuildFile section */
		92FA0B00297733FE00F12C85 /* CoreDataProjectApp.swift in Sources */ = {isa = PBXBuildFile; fileRef = 92FA0AFF297733FE00F12C85 /* CoreDataProjectApp.swift */; };
		92FA0B02297733FE00F12C85 /* ContentView.swift in Sources */ = {isa = PBXBuildFile; fileRef = 92FA0B01297733FE00F12C85 /* ContentView.swift */; };
		92FA0B042977340100F12C85 /* Assets.xcassets in Resources */ = {isa = PBXBuildFile; fileRef = 92FA0B032977340100F12C85 /* Assets.xcassets */; };
		92FA0B072977340100F12C85 /* Preview Assets.xcassets in Resources */ = {isa = PBXBuildFile; fileRef = 92FA0B062977340100F12C85 /* Preview Assets.xcassets */; };
		92FA0B102977349300F12C85 /* LICENSE in Resources */ = {isa = PBXBuildFile; fileRef = 92FA0B0D2977349300F12C85 /* LICENSE */; };
		92FA0B112977349300F12C85 /* README.md in Resources */ = {isa = PBXBuildFile; fileRef = 92FA0B0E2977349300F12C85 /* README.md */; };
		92FA0B122977349300F12C85 /* .gitignore in Resources */ = {isa = PBXBuildFile; fileRef = 92FA0B0F2977349300F12C85 /* .gitignore */; };
		92FA0B14297734D100F12C85 /* DataController.swift in Sources */ = {isa = PBXBuildFile; fileRef = 92FA0B13297734D100F12C85 /* DataController.swift */; };
		92FA0B172977353A00F12C85 /* CoreDataProject.xcdatamodeld in Sources */ = {isa = PBXBuildFile; fileRef = 92FA0B152977353A00F12C85 /* CoreDataProject.xcdatamodeld */; };
		92FA0B1A29773EFF00F12C85 /* Movie+CoreDataClass.swift in Sources */ = {isa = PBXBuildFile; fileRef = 92FA0B1829773EFF00F12C85 /* Movie+CoreDataClass.swift */; };
		92FA0B1B29773EFF00F12C85 /* Movie+CoreDataProperties.swift in Sources */ = {isa = PBXBuildFile; fileRef = 92FA0B1929773EFF00F12C85 /* Movie+CoreDataProperties.swift */; };
		92FA0B232977522600F12C85 /* FetchRequestPredicate.swift in Sources */ = {isa = PBXBuildFile; fileRef = 92FA0B222977522600F12C85 /* FetchRequestPredicate.swift */; };
		92FA0B2529789B1F00F12C85 /* DynamicFetchFilter.swift in Sources */ = {isa = PBXBuildFile; fileRef = 92FA0B2429789B1F00F12C85 /* DynamicFetchFilter.swift */; };
		92FA0B2829789B7E00F12C85 /* Singer+CoreDataClass.swift in Sources */ = {isa = PBXBuildFile; fileRef = 92FA0B2629789B7E00F12C85 /* Singer+CoreDataClass.swift */; };
		92FA0B2929789B7E00F12C85 /* Singer+CoreDataProperties.swift in Sources */ = {isa = PBXBuildFile; fileRef = 92FA0B2729789B7E00F12C85 /* Singer+CoreDataProperties.swift */; };
		92FA0B2E2978D17F00F12C85 /* Candy+CoreDataClass.swift in Sources */ = {isa = PBXBuildFile; fileRef = 92FA0B2A2978D17F00F12C85 /* Candy+CoreDataClass.swift */; };
		92FA0B2F2978D17F00F12C85 /* Candy+CoreDataProperties.swift in Sources */ = {isa = PBXBuildFile; fileRef = 92FA0B2B2978D17F00F12C85 /* Candy+CoreDataProperties.swift */; };
		92FA0B342978D68400F12C85 /* Country+CoreDataClass.swift in Sources */ = {isa = PBXBuildFile; fileRef = 92FA0B322978D68400F12C85 /* Country+CoreDataClass.swift */; };
		92FA0B352978D68400F12C85 /* Country+CoreDataProperties.swift in Sources */ = {isa = PBXBuildFile; fileRef = 92FA0B332978D68400F12C85 /* Country+CoreDataProperties.swift */; };
		92FA0B372978DA3400F12C85 /* OneToManyRelationships.swift in Sources */ = {isa = PBXBuildFile; fileRef = 92FA0B362978DA3400F12C85 /* OneToManyRelationships.swift */; };
		92FA0B3929790B1A00F12C85 /* FilteredList.swift in Sources */ = {isa = PBXBuildFile; fileRef = 92FA0B3829790B1A00F12C85 /* FilteredList.swift */; };
/* End PBXBuildFile section */

/* Begin PBXFileReference section */
		92FA0AFC297733FE00F12C85 /* CoreDataProject.app */ = {isa = PBXFileReference; explicitFileType = wrapper.application; includeInIndex = 0; path = CoreDataProject.app; sourceTree = BUILT_PRODUCTS_DIR; };
		92FA0AFF297733FE00F12C85 /* CoreDataProjectApp.swift */ = {isa = PBXFileReference; lastKnownFileType = sourcecode.swift; path = CoreDataProjectApp.swift; sourceTree = "<group>"; };
		92FA0B01297733FE00F12C85 /* ContentView.swift */ = {isa = PBXFileReference; lastKnownFileType = sourcecode.swift; path = ContentView.swift; sourceTree = "<group>"; };
		92FA0B032977340100F12C85 /* Assets.xcassets */ = {isa = PBXFileReference; lastKnownFileType = folder.assetcatalog; path = Assets.xcassets; sourceTree = "<group>"; };
		92FA0B062977340100F12C85 /* Preview Assets.xcassets */ = {isa = PBXFileReference; lastKnownFileType = folder.assetcatalog; path = "Preview Assets.xcassets"; sourceTree = "<group>"; };
		92FA0B0D2977349300F12C85 /* LICENSE */ = {isa = PBXFileReference; fileEncoding = 4; lastKnownFileType = text; path = LICENSE; sourceTree = "<group>"; };
		92FA0B0E2977349300F12C85 /* README.md */ = {isa = PBXFileReference; fileEncoding = 4; lastKnownFileType = net.daringfireball.markdown; path = README.md; sourceTree = "<group>"; };
		92FA0B0F2977349300F12C85 /* .gitignore */ = {isa = PBXFileReference; fileEncoding = 4; lastKnownFileType = text; path = .gitignore; sourceTree = "<group>"; };
		92FA0B13297734D100F12C85 /* DataController.swift */ = {isa = PBXFileReference; fileEncoding = 4; lastKnownFileType = sourcecode.swift; path = DataController.swift; sourceTree = "<group>"; };
		92FA0B162977353A00F12C85 /* CoreDataProject.xcdatamodel */ = {isa = PBXFileReference; lastKnownFileType = wrapper.xcdatamodel; path = CoreDataProject.xcdatamodel; sourceTree = "<group>"; };
		92FA0B1829773EFF00F12C85 /* Movie+CoreDataClass.swift */ = {isa = PBXFileReference; lastKnownFileType = sourcecode.swift; path = "Movie+CoreDataClass.swift"; sourceTree = "<group>"; };
		92FA0B1929773EFF00F12C85 /* Movie+CoreDataProperties.swift */ = {isa = PBXFileReference; lastKnownFileType = sourcecode.swift; path = "Movie+CoreDataProperties.swift"; sourceTree = "<group>"; };
		92FA0B222977522600F12C85 /* FetchRequestPredicate.swift */ = {isa = PBXFileReference; lastKnownFileType = sourcecode.swift; path = FetchRequestPredicate.swift; sourceTree = "<group>"; };
		92FA0B2429789B1F00F12C85 /* DynamicFetchFilter.swift */ = {isa = PBXFileReference; lastKnownFileType = sourcecode.swift; path = DynamicFetchFilter.swift; sourceTree = "<group>"; };
		92FA0B2629789B7E00F12C85 /* Singer+CoreDataClass.swift */ = {isa = PBXFileReference; lastKnownFileType = sourcecode.swift; path = "Singer+CoreDataClass.swift"; sourceTree = "<group>"; };
		92FA0B2729789B7E00F12C85 /* Singer+CoreDataProperties.swift */ = {isa = PBXFileReference; lastKnownFileType = sourcecode.swift; path = "Singer+CoreDataProperties.swift"; sourceTree = "<group>"; };
		92FA0B2A2978D17F00F12C85 /* Candy+CoreDataClass.swift */ = {isa = PBXFileReference; lastKnownFileType = sourcecode.swift; path = "Candy+CoreDataClass.swift"; sourceTree = "<group>"; };
		92FA0B2B2978D17F00F12C85 /* Candy+CoreDataProperties.swift */ = {isa = PBXFileReference; lastKnownFileType = sourcecode.swift; path = "Candy+CoreDataProperties.swift"; sourceTree = "<group>"; };
		92FA0B322978D68400F12C85 /* Country+CoreDataClass.swift */ = {isa = PBXFileReference; lastKnownFileType = sourcecode.swift; path = "Country+CoreDataClass.swift"; sourceTree = "<group>"; };
		92FA0B332978D68400F12C85 /* Country+CoreDataProperties.swift */ = {isa = PBXFileReference; lastKnownFileType = sourcecode.swift; path = "Country+CoreDataProperties.swift"; sourceTree = "<group>"; };
		92FA0B362978DA3400F12C85 /* OneToManyRelationships.swift */ = {isa = PBXFileReference; lastKnownFileType = sourcecode.swift; path = OneToManyRelationships.swift; sourceTree = "<group>"; };
		92FA0B3829790B1A00F12C85 /* FilteredList.swift */ = {isa = PBXFileReference; lastKnownFileType = sourcecode.swift; path = FilteredList.swift; sourceTree = "<group>"; };
/* End PBXFileReference section */

/* Begin PBXFrameworksBuildPhase section */
		92FA0AF9297733FE00F12C85 /* Frameworks */ = {
			isa = PBXFrameworksBuildPhase;
			buildActionMask = 2147483647;
			files = (
			);
			runOnlyForDeploymentPostprocessing = 0;
		};
/* End PBXFrameworksBuildPhase section */

/* Begin PBXGroup section */
		92FA0AF3297733FE00F12C85 = {
			isa = PBXGroup;
			children = (
				92FA0B0F2977349300F12C85 /* .gitignore */,
				92FA0B0D2977349300F12C85 /* LICENSE */,
				92FA0B0E2977349300F12C85 /* README.md */,
				92FA0AFE297733FE00F12C85 /* CoreDataProject */,
				92FA0AFD297733FE00F12C85 /* Products */,
			);
			sourceTree = "<group>";
		};
		92FA0AFD297733FE00F12C85 /* Products */ = {
			isa = PBXGroup;
			children = (
				92FA0AFC297733FE00F12C85 /* CoreDataProject.app */,
			);
			name = Products;
			sourceTree = "<group>";
		};
		92FA0AFE297733FE00F12C85 /* CoreDataProject */ = {
			isa = PBXGroup;
			children = (
				92FA0B322978D68400F12C85 /* Country+CoreDataClass.swift */,
				92FA0B332978D68400F12C85 /* Country+CoreDataProperties.swift */,
				92FA0B2A2978D17F00F12C85 /* Candy+CoreDataClass.swift */,
				92FA0B2B2978D17F00F12C85 /* Candy+CoreDataProperties.swift */,
				92FA0B2629789B7E00F12C85 /* Singer+CoreDataClass.swift */,
				92FA0B2729789B7E00F12C85 /* Singer+CoreDataProperties.swift */,
				92FA0B1829773EFF00F12C85 /* Movie+CoreDataClass.swift */,
				92FA0B1929773EFF00F12C85 /* Movie+CoreDataProperties.swift */,
				92FA0B13297734D100F12C85 /* DataController.swift */,
				92FA0AFF297733FE00F12C85 /* CoreDataProjectApp.swift */,
				92FA0B01297733FE00F12C85 /* ContentView.swift */,
				92FA0B032977340100F12C85 /* Assets.xcassets */,
				92FA0B052977340100F12C85 /* Preview Content */,
				92FA0B152977353A00F12C85 /* CoreDataProject.xcdatamodeld */,
				92FA0B222977522600F12C85 /* FetchRequestPredicate.swift */,
				92FA0B2429789B1F00F12C85 /* DynamicFetchFilter.swift */,
				92FA0B362978DA3400F12C85 /* OneToManyRelationships.swift */,
				92FA0B3829790B1A00F12C85 /* FilteredList.swift */,
			);
			path = CoreDataProject;
			sourceTree = "<group>";
		};
		92FA0B052977340100F12C85 /* Preview Content */ = {
			isa = PBXGroup;
			children = (
				92FA0B062977340100F12C85 /* Preview Assets.xcassets */,
			);
			path = "Preview Content";
			sourceTree = "<group>";
		};
/* End PBXGroup section */

/* Begin PBXNativeTarget section */
		92FA0AFB297733FE00F12C85 /* CoreDataProject */ = {
			isa = PBXNativeTarget;
			buildConfigurationList = 92FA0B0A2977340100F12C85 /* Build configuration list for PBXNativeTarget "CoreDataProject" */;
			buildPhases = (
				92FA0AF8297733FE00F12C85 /* Sources */,
				92FA0AF9297733FE00F12C85 /* Frameworks */,
				92FA0AFA297733FE00F12C85 /* Resources */,
			);
			buildRules = (
			);
			dependencies = (
			);
			name = CoreDataProject;
			productName = CoreDataProject;
			productReference = 92FA0AFC297733FE00F12C85 /* CoreDataProject.app */;
			productType = "com.apple.product-type.application";
		};
/* End PBXNativeTarget section */

/* Begin PBXProject section */
		92FA0AF4297733FE00F12C85 /* Project object */ = {
			isa = PBXProject;
			attributes = {
				BuildIndependentTargetsInParallel = 1;
				LastSwiftUpdateCheck = 1400;
				LastUpgradeCheck = 1400;
				TargetAttributes = {
					92FA0AFB297733FE00F12C85 = {
						CreatedOnToolsVersion = 14.0.1;
					};
				};
			};
			buildConfigurationList = 92FA0AF7297733FE00F12C85 /* Build configuration list for PBXProject "CoreDataProject" */;
			compatibilityVersion = "Xcode 14.0";
			developmentRegion = en;
			hasScannedForEncodings = 0;
			knownRegions = (
				en,
				Base,
			);
			mainGroup = 92FA0AF3297733FE00F12C85;
			productRefGroup = 92FA0AFD297733FE00F12C85 /* Products */;
			projectDirPath = "";
			projectRoot = "";
			targets = (
				92FA0AFB297733FE00F12C85 /* CoreDataProject */,
			);
		};
/* End PBXProject section */

/* Begin PBXResourcesBuildPhase section */
		92FA0AFA297733FE00F12C85 /* Resources */ = {
			isa = PBXResourcesBuildPhase;
			buildActionMask = 2147483647;
			files = (
				92FA0B122977349300F12C85 /* .gitignore in Resources */,
				92FA0B102977349300F12C85 /* LICENSE in Resources */,
				92FA0B072977340100F12C85 /* Preview Assets.xcassets in Resources */,
				92FA0B112977349300F12C85 /* README.md in Resources */,
				92FA0B042977340100F12C85 /* Assets.xcassets in Resources */,
			);
			runOnlyForDeploymentPostprocessing = 0;
		};
/* End PBXResourcesBuildPhase section */

/* Begin PBXSourcesBuildPhase section */
		92FA0AF8297733FE00F12C85 /* Sources */ = {
			isa = PBXSourcesBuildPhase;
			buildActionMask = 2147483647;
			files = (
				92FA0B2529789B1F00F12C85 /* DynamicFetchFilter.swift in Sources */,
				92FA0B02297733FE00F12C85 /* ContentView.swift in Sources */,
				92FA0B352978D68400F12C85 /* Country+CoreDataProperties.swift in Sources */,
				92FA0B372978DA3400F12C85 /* OneToManyRelationships.swift in Sources */,
				92FA0B2829789B7E00F12C85 /* Singer+CoreDataClass.swift in Sources */,
				92FA0B2F2978D17F00F12C85 /* Candy+CoreDataProperties.swift in Sources */,
				92FA0B14297734D100F12C85 /* DataController.swift in Sources */,
				92FA0B2E2978D17F00F12C85 /* Candy+CoreDataClass.swift in Sources */,
				92FA0B3929790B1A00F12C85 /* FilteredList.swift in Sources */,
				92FA0B342978D68400F12C85 /* Country+CoreDataClass.swift in Sources */,
				92FA0B172977353A00F12C85 /* CoreDataProject.xcdatamodeld in Sources */,
				92FA0B2929789B7E00F12C85 /* Singer+CoreDataProperties.swift in Sources */,
				92FA0B1A29773EFF00F12C85 /* Movie+CoreDataClass.swift in Sources */,
				92FA0B1B29773EFF00F12C85 /* Movie+CoreDataProperties.swift in Sources */,
				92FA0B232977522600F12C85 /* FetchRequestPredicate.swift in Sources */,
				92FA0B00297733FE00F12C85 /* CoreDataProjectApp.swift in Sources */,
			);
			runOnlyForDeploymentPostprocessing = 0;
		};
/* End PBXSourcesBuildPhase section */

/* Begin XCBuildConfiguration section */
		92FA0B082977340100F12C85 /* Debug */ = {
			isa = XCBuildConfiguration;
			buildSettings = {
				ALWAYS_SEARCH_USER_PATHS = NO;
				CLANG_ANALYZER_NONNULL = YES;
				CLANG_ANALYZER_NUMBER_OBJECT_CONVERSION = YES_AGGRESSIVE;
				CLANG_CXX_LANGUAGE_STANDARD = "gnu++20";
				CLANG_ENABLE_MODULES = YES;
				CLANG_ENABLE_OBJC_ARC = YES;
				CLANG_ENABLE_OBJC_WEAK = YES;
				CLANG_WARN_BLOCK_CAPTURE_AUTORELEASING = YES;
				CLANG_WARN_BOOL_CONVERSION = YES;
				CLANG_WARN_COMMA = YES;
				CLANG_WARN_CONSTANT_CONVERSION = YES;
				CLANG_WARN_DEPRECATED_OBJC_IMPLEMENTATIONS = YES;
				CLANG_WARN_DIRECT_OBJC_ISA_USAGE = YES_ERROR;
				CLANG_WARN_DOCUMENTATION_COMMENTS = YES;
				CLANG_WARN_EMPTY_BODY = YES;
				CLANG_WARN_ENUM_CONVERSION = YES;
				CLANG_WARN_INFINITE_RECURSION = YES;
				CLANG_WARN_INT_CONVERSION = YES;
				CLANG_WARN_NON_LITERAL_NULL_CONVERSION = YES;
				CLANG_WARN_OBJC_IMPLICIT_RETAIN_SELF = YES;
				CLANG_WARN_OBJC_LITERAL_CONVERSION = YES;
				CLANG_WARN_OBJC_ROOT_CLASS = YES_ERROR;
				CLANG_WARN_QUOTED_INCLUDE_IN_FRAMEWORK_HEADER = YES;
				CLANG_WARN_RANGE_LOOP_ANALYSIS = YES;
				CLANG_WARN_STRICT_PROTOTYPES = YES;
				CLANG_WARN_SUSPICIOUS_MOVE = YES;
				CLANG_WARN_UNGUARDED_AVAILABILITY = YES_AGGRESSIVE;
				CLANG_WARN_UNREACHABLE_CODE = YES;
				CLANG_WARN__DUPLICATE_METHOD_MATCH = YES;
				COPY_PHASE_STRIP = NO;
				DEBUG_INFORMATION_FORMAT = dwarf;
				ENABLE_STRICT_OBJC_MSGSEND = YES;
				ENABLE_TESTABILITY = YES;
				GCC_C_LANGUAGE_STANDARD = gnu11;
				GCC_DYNAMIC_NO_PIC = NO;
				GCC_NO_COMMON_BLOCKS = YES;
				GCC_OPTIMIZATION_LEVEL = 0;
				GCC_PREPROCESSOR_DEFINITIONS = (
					"DEBUG=1",
					"$(inherited)",
				);
				GCC_WARN_64_TO_32_BIT_CONVERSION = YES;
				GCC_WARN_ABOUT_RETURN_TYPE = YES_ERROR;
				GCC_WARN_UNDECLARED_SELECTOR = YES;
				GCC_WARN_UNINITIALIZED_AUTOS = YES_AGGRESSIVE;
				GCC_WARN_UNUSED_FUNCTION = YES;
				GCC_WARN_UNUSED_VARIABLE = YES;
				IPHONEOS_DEPLOYMENT_TARGET = 16.0;
				MTL_ENABLE_DEBUG_INFO = INCLUDE_SOURCE;
				MTL_FAST_MATH = YES;
				ONLY_ACTIVE_ARCH = YES;
				SDKROOT = iphoneos;
				SWIFT_ACTIVE_COMPILATION_CONDITIONS = DEBUG;
				SWIFT_OPTIMIZATION_LEVEL = "-Onone";
			};
			name = Debug;
		};
		92FA0B092977340100F12C85 /* Release */ = {
			isa = XCBuildConfiguration;
			buildSettings = {
				ALWAYS_SEARCH_USER_PATHS = NO;
				CLANG_ANALYZER_NONNULL = YES;
				CLANG_ANALYZER_NUMBER_OBJECT_CONVERSION = YES_AGGRESSIVE;
				CLANG_CXX_LANGUAGE_STANDARD = "gnu++20";
				CLANG_ENABLE_MODULES = YES;
				CLANG_ENABLE_OBJC_ARC = YES;
				CLANG_ENABLE_OBJC_WEAK = YES;
				CLANG_WARN_BLOCK_CAPTURE_AUTORELEASING = YES;
				CLANG_WARN_BOOL_CONVERSION = YES;
				CLANG_WARN_COMMA = YES;
				CLANG_WARN_CONSTANT_CONVERSION = YES;
				CLANG_WARN_DEPRECATED_OBJC_IMPLEMENTATIONS = YES;
				CLANG_WARN_DIRECT_OBJC_ISA_USAGE = YES_ERROR;
				CLANG_WARN_DOCUMENTATION_COMMENTS = YES;
				CLANG_WARN_EMPTY_BODY = YES;
				CLANG_WARN_ENUM_CONVERSION = YES;
				CLANG_WARN_INFINITE_RECURSION = YES;
				CLANG_WARN_INT_CONVERSION = YES;
				CLANG_WARN_NON_LITERAL_NULL_CONVERSION = YES;
				CLANG_WARN_OBJC_IMPLICIT_RETAIN_SELF = YES;
				CLANG_WARN_OBJC_LITERAL_CONVERSION = YES;
				CLANG_WARN_OBJC_ROOT_CLASS = YES_ERROR;
				CLANG_WARN_QUOTED_INCLUDE_IN_FRAMEWORK_HEADER = YES;
				CLANG_WARN_RANGE_LOOP_ANALYSIS = YES;
				CLANG_WARN_STRICT_PROTOTYPES = YES;
				CLANG_WARN_SUSPICIOUS_MOVE = YES;
				CLANG_WARN_UNGUARDED_AVAILABILITY = YES_AGGRESSIVE;
				CLANG_WARN_UNREACHABLE_CODE = YES;
				CLANG_WARN__DUPLICATE_METHOD_MATCH = YES;
				COPY_PHASE_STRIP = NO;
				DEBUG_INFORMATION_FORMAT = "dwarf-with-dsym";
				ENABLE_NS_ASSERTIONS = NO;
				ENABLE_STRICT_OBJC_MSGSEND = YES;
				GCC_C_LANGUAGE_STANDARD = gnu11;
				GCC_NO_COMMON_BLOCKS = YES;
				GCC_WARN_64_TO_32_BIT_CONVERSION = YES;
				GCC_WARN_ABOUT_RETURN_TYPE = YES_ERROR;
				GCC_WARN_UNDECLARED_SELECTOR = YES;
				GCC_WARN_UNINITIALIZED_AUTOS = YES_AGGRESSIVE;
				GCC_WARN_UNUSED_FUNCTION = YES;
				GCC_WARN_UNUSED_VARIABLE = YES;
				IPHONEOS_DEPLOYMENT_TARGET = 16.0;
				MTL_ENABLE_DEBUG_INFO = NO;
				MTL_FAST_MATH = YES;
				SDKROOT = iphoneos;
				SWIFT_COMPILATION_MODE = wholemodule;
				SWIFT_OPTIMIZATION_LEVEL = "-O";
				VALIDATE_PRODUCT = YES;
			};
			name = Release;
		};
		92FA0B0B2977340100F12C85 /* Debug */ = {
			isa = XCBuildConfiguration;
			buildSettings = {
				ASSETCATALOG_COMPILER_APPICON_NAME = AppIcon;
				ASSETCATALOG_COMPILER_GLOBAL_ACCENT_COLOR_NAME = AccentColor;
				CODE_SIGN_STYLE = Automatic;
				CURRENT_PROJECT_VERSION = 1;
				DEVELOPMENT_ASSET_PATHS = "\"CoreDataProject/Preview Content\"";
				DEVELOPMENT_TEAM = WSQUG76UX4;
				ENABLE_PREVIEWS = YES;
				GENERATE_INFOPLIST_FILE = YES;
				INFOPLIST_KEY_UIApplicationSceneManifest_Generation = YES;
				INFOPLIST_KEY_UIApplicationSupportsIndirectInputEvents = YES;
				INFOPLIST_KEY_UILaunchScreen_Generation = YES;
				INFOPLIST_KEY_UISupportedInterfaceOrientations_iPad = "UIInterfaceOrientationPortrait UIInterfaceOrientationPortraitUpsideDown UIInterfaceOrientationLandscapeLeft UIInterfaceOrientationLandscapeRight";
				INFOPLIST_KEY_UISupportedInterfaceOrientations_iPhone = "UIInterfaceOrientationPortrait UIInterfaceOrientationLandscapeLeft UIInterfaceOrientationLandscapeRight";
				LD_RUNPATH_SEARCH_PATHS = (
					"$(inherited)",
					"@executable_path/Frameworks",
				);
				MARKETING_VERSION = 1.0;
				PRODUCT_BUNDLE_IDENTIFIER = com.iamandywu.CoreDataProject;
				PRODUCT_NAME = "$(TARGET_NAME)";
				SWIFT_EMIT_LOC_STRINGS = YES;
				SWIFT_VERSION = 5.0;
				TARGETED_DEVICE_FAMILY = "1,2";
			};
			name = Debug;
		};
		92FA0B0C2977340100F12C85 /* Release */ = {
			isa = XCBuildConfiguration;
			buildSettings = {
				ASSETCATALOG_COMPILER_APPICON_NAME = AppIcon;
				ASSETCATALOG_COMPILER_GLOBAL_ACCENT_COLOR_NAME = AccentColor;
				CODE_SIGN_STYLE = Automatic;
				CURRENT_PROJECT_VERSION = 1;
				DEVELOPMENT_ASSET_PATHS = "\"CoreDataProject/Preview Content\"";
				DEVELOPMENT_TEAM = WSQUG76UX4;
				ENABLE_PREVIEWS = YES;
				GENERATE_INFOPLIST_FILE = YES;
				INFOPLIST_KEY_UIApplicationSceneManifest_Generation = YES;
				INFOPLIST_KEY_UIApplicationSupportsIndirectInputEvents = YES;
				INFOPLIST_KEY_UILaunchScreen_Generation = YES;
				INFOPLIST_KEY_UISupportedInterfaceOrientations_iPad = "UIInterfaceOrientationPortrait UIInterfaceOrientationPortraitUpsideDown UIInterfaceOrientationLandscapeLeft UIInterfaceOrientationLandscapeRight";
				INFOPLIST_KEY_UISupportedInterfaceOrientations_iPhone = "UIInterfaceOrientationPortrait UIInterfaceOrientationLandscapeLeft UIInterfaceOrientationLandscapeRight";
				LD_RUNPATH_SEARCH_PATHS = (
					"$(inherited)",
					"@executable_path/Frameworks",
				);
				MARKETING_VERSION = 1.0;
				PRODUCT_BUNDLE_IDENTIFIER = com.iamandywu.CoreDataProject;
				PRODUCT_NAME = "$(TARGET_NAME)";
				SWIFT_EMIT_LOC_STRINGS = YES;
				SWIFT_VERSION = 5.0;
				TARGETED_DEVICE_FAMILY = "1,2";
			};
			name = Release;
		};
/* End XCBuildConfiguration section */

/* Begin XCConfigurationList section */
		92FA0AF7297733FE00F12C85 /* Build configuration list for PBXProject "CoreDataProject" */ = {
			isa = XCConfigurationList;
			buildConfigurations = (
				92FA0B082977340100F12C85 /* Debug */,
				92FA0B092977340100F12C85 /* Release */,
			);
			defaultConfigurationIsVisible = 0;
			defaultConfigurationName = Release;
		};
		92FA0B0A2977340100F12C85 /* Build configuration list for PBXNativeTarget "CoreDataProject" */ = {
			isa = XCConfigurationList;
			buildConfigurations = (
				92FA0B0B2977340100F12C85 /* Debug */,
				92FA0B0C2977340100F12C85 /* Release */,
			);
			defaultConfigurationIsVisible = 0;
			defaultConfigurationName = Release;
		};
/* End XCConfigurationList section */

/* Begin XCVersionGroup section */
		92FA0B152977353A00F12C85 /* CoreDataProject.xcdatamodeld */ = {
			isa = XCVersionGroup;
			children = (
				92FA0B162977353A00F12C85 /* CoreDataProject.xcdatamodel */,
			);
			currentVersion = 92FA0B162977353A00F12C85 /* CoreDataProject.xcdatamodel */;
			path = CoreDataProject.xcdatamodeld;
			sourceTree = "<group>";
			versionGroupType = wrapper.xcdatamodel;
		};
/* End XCVersionGroup section */
	};
	rootObject = 92FA0AF4297733FE00F12C85 /* Project object */;
}
