// !$*UTF8*$!
{
	archiveVersion = 1;
	classes = {
	};
	objectVersion = 56;
	objects = {

/* Begin PBXBuildFile section */
		928275F1294BD3940014D631 /* iExpenseApp.swift in Sources */ = {isa = PBXBuildFile; fileRef = 928275F0294BD3940014D631 /* iExpenseApp.swift */; };
		928275F5294BD3960014D631 /* Assets.xcassets in Resources */ = {isa = PBXBuildFile; fileRef = 928275F4294BD3960014D631 /* Assets.xcassets */; };
		928275F8294BD3960014D631 /* Preview Assets.xcassets in Resources */ = {isa = PBXBuildFile; fileRef = 928275F7294BD3960014D631 /* Preview Assets.xcassets */; };
		928275FF294BD5F00014D631 /* ContentView.swift in Sources */ = {isa = PBXBuildFile; fileRef = 928275F2294BD3940014D631 /* ContentView.swift */; };
		92D7C078294BD66800FBE0C6 /* LICENSE in Resources */ = {isa = PBXBuildFile; fileRef = 92D7C075294BD66800FBE0C6 /* LICENSE */; };
		92D7C079294BD66800FBE0C6 /* README.md in Resources */ = {isa = PBXBuildFile; fileRef = 92D7C076294BD66800FBE0C6 /* README.md */; };
		92D7C07A294BD66800FBE0C6 /* .gitignore in Resources */ = {isa = PBXBuildFile; fileRef = 92D7C077294BD66800FBE0C6 /* .gitignore */; };
		92D7C07C294BD78200FBE0C6 /* StatePropertyAndStructs.swift in Sources */ = {isa = PBXBuildFile; fileRef = 92D7C07B294BD78200FBE0C6 /* StatePropertyAndStructs.swift */; };
		92D7C07E294BE96A00FBE0C6 /* @StateObject.swift in Sources */ = {isa = PBXBuildFile; fileRef = 92D7C07D294BE96A00FBE0C6 /* @StateObject.swift */; };
		92D7C080294C005900FBE0C6 /* ShowHideViews.swift in Sources */ = {isa = PBXBuildFile; fileRef = 92D7C07F294C005900FBE0C6 /* ShowHideViews.swift */; };
		92D7C082294C061E00FBE0C6 /* OnDelete.swift in Sources */ = {isa = PBXBuildFile; fileRef = 92D7C081294C061E00FBE0C6 /* OnDelete.swift */; };
		92D7C084294C0C8000FBE0C6 /* StoringUserSettings.swift in Sources */ = {isa = PBXBuildFile; fileRef = 92D7C083294C0C8000FBE0C6 /* StoringUserSettings.swift */; };
		92D7C087294C192400FBE0C6 /* ArchivingWithCodable.swift in Sources */ = {isa = PBXBuildFile; fileRef = 92D7C086294C192400FBE0C6 /* ArchivingWithCodable.swift */; };
		92D7C089294C388700FBE0C6 /* Expense.swift in Sources */ = {isa = PBXBuildFile; fileRef = 92D7C088294C388700FBE0C6 /* Expense.swift */; };
		92D7C08B294D6CCA00FBE0C6 /* AddExpenseView.swift in Sources */ = {isa = PBXBuildFile; fileRef = 92D7C08A294D6CCA00FBE0C6 /* AddExpenseView.swift */; };
		92D7C08D294D88D300FBE0C6 /* config.swift in Sources */ = {isa = PBXBuildFile; fileRef = 92D7C08C294D88D300FBE0C6 /* config.swift */; };
/* End PBXBuildFile section */

/* Begin PBXFileReference section */
		928275ED294BD3940014D631 /* iExpense.app */ = {isa = PBXFileReference; explicitFileType = wrapper.application; includeInIndex = 0; path = iExpense.app; sourceTree = BUILT_PRODUCTS_DIR; };
		928275F0294BD3940014D631 /* iExpenseApp.swift */ = {isa = PBXFileReference; lastKnownFileType = sourcecode.swift; path = iExpenseApp.swift; sourceTree = "<group>"; };
		928275F2294BD3940014D631 /* ContentView.swift */ = {isa = PBXFileReference; lastKnownFileType = sourcecode.swift; path = ContentView.swift; sourceTree = "<group>"; };
		928275F4294BD3960014D631 /* Assets.xcassets */ = {isa = PBXFileReference; lastKnownFileType = folder.assetcatalog; path = Assets.xcassets; sourceTree = "<group>"; };
		928275F7294BD3960014D631 /* Preview Assets.xcassets */ = {isa = PBXFileReference; lastKnownFileType = folder.assetcatalog; path = "Preview Assets.xcassets"; sourceTree = "<group>"; };
		92D7C075294BD66800FBE0C6 /* LICENSE */ = {isa = PBXFileReference; fileEncoding = 4; lastKnownFileType = text; path = LICENSE; sourceTree = "<group>"; };
		92D7C076294BD66800FBE0C6 /* README.md */ = {isa = PBXFileReference; fileEncoding = 4; lastKnownFileType = net.daringfireball.markdown; path = README.md; sourceTree = "<group>"; };
		92D7C077294BD66800FBE0C6 /* .gitignore */ = {isa = PBXFileReference; fileEncoding = 4; lastKnownFileType = text; path = .gitignore; sourceTree = "<group>"; };
		92D7C07B294BD78200FBE0C6 /* StatePropertyAndStructs.swift */ = {isa = PBXFileReference; lastKnownFileType = sourcecode.swift; path = StatePropertyAndStructs.swift; sourceTree = "<group>"; };
		92D7C07D294BE96A00FBE0C6 /* @StateObject.swift */ = {isa = PBXFileReference; lastKnownFileType = sourcecode.swift; path = "@StateObject.swift"; sourceTree = "<group>"; };
		92D7C07F294C005900FBE0C6 /* ShowHideViews.swift */ = {isa = PBXFileReference; lastKnownFileType = sourcecode.swift; path = ShowHideViews.swift; sourceTree = "<group>"; };
		92D7C081294C061E00FBE0C6 /* OnDelete.swift */ = {isa = PBXFileReference; lastKnownFileType = sourcecode.swift; path = OnDelete.swift; sourceTree = "<group>"; };
		92D7C083294C0C8000FBE0C6 /* StoringUserSettings.swift */ = {isa = PBXFileReference; lastKnownFileType = sourcecode.swift; path = StoringUserSettings.swift; sourceTree = "<group>"; };
		92D7C086294C192400FBE0C6 /* ArchivingWithCodable.swift */ = {isa = PBXFileReference; lastKnownFileType = sourcecode.swift; path = ArchivingWithCodable.swift; sourceTree = "<group>"; };
		92D7C088294C388700FBE0C6 /* Expense.swift */ = {isa = PBXFileReference; lastKnownFileType = sourcecode.swift; path = Expense.swift; sourceTree = "<group>"; };
		92D7C08A294D6CCA00FBE0C6 /* AddExpenseView.swift */ = {isa = PBXFileReference; lastKnownFileType = sourcecode.swift; path = AddExpenseView.swift; sourceTree = "<group>"; };
		92D7C08C294D88D300FBE0C6 /* config.swift */ = {isa = PBXFileReference; lastKnownFileType = sourcecode.swift; path = config.swift; sourceTree = "<group>"; };
/* End PBXFileReference section */

/* Begin PBXFrameworksBuildPhase section */
		928275EA294BD3940014D631 /* Frameworks */ = {
			isa = PBXFrameworksBuildPhase;
			buildActionMask = 2147483647;
			files = (
			);
			runOnlyForDeploymentPostprocessing = 0;
		};
/* End PBXFrameworksBuildPhase section */

/* Begin PBXGroup section */
		928275E4294BD3940014D631 = {
			isa = PBXGroup;
			children = (
				92D7C077294BD66800FBE0C6 /* .gitignore */,
				92D7C075294BD66800FBE0C6 /* LICENSE */,
				92D7C076294BD66800FBE0C6 /* README.md */,
				928275EF294BD3940014D631 /* iExpense */,
				928275EE294BD3940014D631 /* Products */,
			);
			sourceTree = "<group>";
		};
		928275EE294BD3940014D631 /* Products */ = {
			isa = PBXGroup;
			children = (
				928275ED294BD3940014D631 /* iExpense.app */,
			);
			name = Products;
			sourceTree = "<group>";
		};
		928275EF294BD3940014D631 /* iExpense */ = {
			isa = PBXGroup;
			children = (
				92D7C085294C18FE00FBE0C6 /* Lesson */,
				928275F0294BD3940014D631 /* iExpenseApp.swift */,
				928275F2294BD3940014D631 /* ContentView.swift */,
				928275F4294BD3960014D631 /* Assets.xcassets */,
				928275F6294BD3960014D631 /* Preview Content */,
				92D7C088294C388700FBE0C6 /* Expense.swift */,
				92D7C08A294D6CCA00FBE0C6 /* AddExpenseView.swift */,
				92D7C08C294D88D300FBE0C6 /* config.swift */,
			);
			path = iExpense;
			sourceTree = "<group>";
		};
		928275F6294BD3960014D631 /* Preview Content */ = {
			isa = PBXGroup;
			children = (
				928275F7294BD3960014D631 /* Preview Assets.xcassets */,
			);
			path = "Preview Content";
			sourceTree = "<group>";
		};
		92D7C085294C18FE00FBE0C6 /* Lesson */ = {
			isa = PBXGroup;
			children = (
				92D7C081294C061E00FBE0C6 /* OnDelete.swift */,
				92D7C07B294BD78200FBE0C6 /* StatePropertyAndStructs.swift */,
				92D7C07D294BE96A00FBE0C6 /* @StateObject.swift */,
				92D7C07F294C005900FBE0C6 /* ShowHideViews.swift */,
				92D7C083294C0C8000FBE0C6 /* StoringUserSettings.swift */,
				92D7C086294C192400FBE0C6 /* ArchivingWithCodable.swift */,
			);
			path = Lesson;
			sourceTree = "<group>";
		};
/* End PBXGroup section */

/* Begin PBXNativeTarget section */
		928275EC294BD3940014D631 /* iExpense */ = {
			isa = PBXNativeTarget;
			buildConfigurationList = 928275FB294BD3960014D631 /* Build configuration list for PBXNativeTarget "iExpense" */;
			buildPhases = (
				928275E9294BD3940014D631 /* Sources */,
				928275EA294BD3940014D631 /* Frameworks */,
				928275EB294BD3940014D631 /* Resources */,
			);
			buildRules = (
			);
			dependencies = (
			);
			name = iExpense;
			productName = iExpense;
			productReference = 928275ED294BD3940014D631 /* iExpense.app */;
			productType = "com.apple.product-type.application";
		};
/* End PBXNativeTarget section */

/* Begin PBXProject section */
		928275E5294BD3940014D631 /* Project object */ = {
			isa = PBXProject;
			attributes = {
				BuildIndependentTargetsInParallel = 1;
				LastSwiftUpdateCheck = 1400;
				LastUpgradeCheck = 1400;
				TargetAttributes = {
					928275EC294BD3940014D631 = {
						CreatedOnToolsVersion = 14.0.1;
					};
				};
			};
			buildConfigurationList = 928275E8294BD3940014D631 /* Build configuration list for PBXProject "iExpense" */;
			compatibilityVersion = "Xcode 14.0";
			developmentRegion = en;
			hasScannedForEncodings = 0;
			knownRegions = (
				en,
				Base,
			);
			mainGroup = 928275E4294BD3940014D631;
			productRefGroup = 928275EE294BD3940014D631 /* Products */;
			projectDirPath = "";
			projectRoot = "";
			targets = (
				928275EC294BD3940014D631 /* iExpense */,
			);
		};
/* End PBXProject section */

/* Begin PBXResourcesBuildPhase section */
		928275EB294BD3940014D631 /* Resources */ = {
			isa = PBXResourcesBuildPhase;
			buildActionMask = 2147483647;
			files = (
				92D7C07A294BD66800FBE0C6 /* .gitignore in Resources */,
				92D7C078294BD66800FBE0C6 /* LICENSE in Resources */,
				928275F8294BD3960014D631 /* Preview Assets.xcassets in Resources */,
				92D7C079294BD66800FBE0C6 /* README.md in Resources */,
				928275F5294BD3960014D631 /* Assets.xcassets in Resources */,
			);
			runOnlyForDeploymentPostprocessing = 0;
		};
/* End PBXResourcesBuildPhase section */

/* Begin PBXSourcesBuildPhase section */
		928275E9294BD3940014D631 /* Sources */ = {
			isa = PBXSourcesBuildPhase;
			buildActionMask = 2147483647;
			files = (
				928275FF294BD5F00014D631 /* ContentView.swift in Sources */,
				92D7C084294C0C8000FBE0C6 /* StoringUserSettings.swift in Sources */,
				92D7C08B294D6CCA00FBE0C6 /* AddExpenseView.swift in Sources */,
				92D7C08D294D88D300FBE0C6 /* config.swift in Sources */,
				92D7C087294C192400FBE0C6 /* ArchivingWithCodable.swift in Sources */,
				92D7C082294C061E00FBE0C6 /* OnDelete.swift in Sources */,
				92D7C080294C005900FBE0C6 /* ShowHideViews.swift in Sources */,
				92D7C07E294BE96A00FBE0C6 /* @StateObject.swift in Sources */,
				92D7C089294C388700FBE0C6 /* Expense.swift in Sources */,
				92D7C07C294BD78200FBE0C6 /* StatePropertyAndStructs.swift in Sources */,
				928275F1294BD3940014D631 /* iExpenseApp.swift in Sources */,
			);
			runOnlyForDeploymentPostprocessing = 0;
		};
/* End PBXSourcesBuildPhase section */

/* Begin XCBuildConfiguration section */
		928275F9294BD3960014D631 /* Debug */ = {
			isa = XCBuildConfiguration;
			buildSettings = {
				ALWAYS_SEARCH_USER_PATHS = NO;
				CLANG_ANALYZER_NONNULL = YES;
				CLANG_ANALYZER_NUMBER_OBJECT_CONVERSION = YES_AGGRESSIVE;
				CLANG_CXX_LANGUAGE_STANDARD = "gnu++20";
				CLANG_ENABLE_MODULES = YES;
				CLANG_ENABLE_OBJC_ARC = YES;
				CLANG_ENABLE_OBJC_WEAK = YES;
				CLANG_WARN_BLOCK_CAPTURE_AUTORELEASING = YES;
				CLANG_WARN_BOOL_CONVERSION = YES;
				CLANG_WARN_COMMA = YES;
				CLANG_WARN_CONSTANT_CONVERSION = YES;
				CLANG_WARN_DEPRECATED_OBJC_IMPLEMENTATIONS = YES;
				CLANG_WARN_DIRECT_OBJC_ISA_USAGE = YES_ERROR;
				CLANG_WARN_DOCUMENTATION_COMMENTS = YES;
				CLANG_WARN_EMPTY_BODY = YES;
				CLANG_WARN_ENUM_CONVERSION = YES;
				CLANG_WARN_INFINITE_RECURSION = YES;
				CLANG_WARN_INT_CONVERSION = YES;
				CLANG_WARN_NON_LITERAL_NULL_CONVERSION = YES;
				CLANG_WARN_OBJC_IMPLICIT_RETAIN_SELF = YES;
				CLANG_WARN_OBJC_LITERAL_CONVERSION = YES;
				CLANG_WARN_OBJC_ROOT_CLASS = YES_ERROR;
				CLANG_WARN_QUOTED_INCLUDE_IN_FRAMEWORK_HEADER = YES;
				CLANG_WARN_RANGE_LOOP_ANALYSIS = YES;
				CLANG_WARN_STRICT_PROTOTYPES = YES;
				CLANG_WARN_SUSPICIOUS_MOVE = YES;
				CLANG_WARN_UNGUARDED_AVAILABILITY = YES_AGGRESSIVE;
				CLANG_WARN_UNREACHABLE_CODE = YES;
				CLANG_WARN__DUPLICATE_METHOD_MATCH = YES;
				COPY_PHASE_STRIP = NO;
				DEBUG_INFORMATION_FORMAT = dwarf;
				ENABLE_STRICT_OBJC_MSGSEND = YES;
				ENABLE_TESTABILITY = YES;
				GCC_C_LANGUAGE_STANDARD = gnu11;
				GCC_DYNAMIC_NO_PIC = NO;
				GCC_NO_COMMON_BLOCKS = YES;
				GCC_OPTIMIZATION_LEVEL = 0;
				GCC_PREPROCESSOR_DEFINITIONS = (
					"DEBUG=1",
					"$(inherited)",
				);
				GCC_WARN_64_TO_32_BIT_CONVERSION = YES;
				GCC_WARN_ABOUT_RETURN_TYPE = YES_ERROR;
				GCC_WARN_UNDECLARED_SELECTOR = YES;
				GCC_WARN_UNINITIALIZED_AUTOS = YES_AGGRESSIVE;
				GCC_WARN_UNUSED_FUNCTION = YES;
				GCC_WARN_UNUSED_VARIABLE = YES;
				IPHONEOS_DEPLOYMENT_TARGET = 16.0;
				MTL_ENABLE_DEBUG_INFO = INCLUDE_SOURCE;
				MTL_FAST_MATH = YES;
				ONLY_ACTIVE_ARCH = YES;
				SDKROOT = iphoneos;
				SWIFT_ACTIVE_COMPILATION_CONDITIONS = DEBUG;
				SWIFT_OPTIMIZATION_LEVEL = "-Onone";
			};
			name = Debug;
		};
		928275FA294BD3960014D631 /* Release */ = {
			isa = XCBuildConfiguration;
			buildSettings = {
				ALWAYS_SEARCH_USER_PATHS = NO;
				CLANG_ANALYZER_NONNULL = YES;
				CLANG_ANALYZER_NUMBER_OBJECT_CONVERSION = YES_AGGRESSIVE;
				CLANG_CXX_LANGUAGE_STANDARD = "gnu++20";
				CLANG_ENABLE_MODULES = YES;
				CLANG_ENABLE_OBJC_ARC = YES;
				CLANG_ENABLE_OBJC_WEAK = YES;
				CLANG_WARN_BLOCK_CAPTURE_AUTORELEASING = YES;
				CLANG_WARN_BOOL_CONVERSION = YES;
				CLANG_WARN_COMMA = YES;
				CLANG_WARN_CONSTANT_CONVERSION = YES;
				CLANG_WARN_DEPRECATED_OBJC_IMPLEMENTATIONS = YES;
				CLANG_WARN_DIRECT_OBJC_ISA_USAGE = YES_ERROR;
				CLANG_WARN_DOCUMENTATION_COMMENTS = YES;
				CLANG_WARN_EMPTY_BODY = YES;
				CLANG_WARN_ENUM_CONVERSION = YES;
				CLANG_WARN_INFINITE_RECURSION = YES;
				CLANG_WARN_INT_CONVERSION = YES;
				CLANG_WARN_NON_LITERAL_NULL_CONVERSION = YES;
				CLANG_WARN_OBJC_IMPLICIT_RETAIN_SELF = YES;
				CLANG_WARN_OBJC_LITERAL_CONVERSION = YES;
				CLANG_WARN_OBJC_ROOT_CLASS = YES_ERROR;
				CLANG_WARN_QUOTED_INCLUDE_IN_FRAMEWORK_HEADER = YES;
				CLANG_WARN_RANGE_LOOP_ANALYSIS = YES;
				CLANG_WARN_STRICT_PROTOTYPES = YES;
				CLANG_WARN_SUSPICIOUS_MOVE = YES;
				CLANG_WARN_UNGUARDED_AVAILABILITY = YES_AGGRESSIVE;
				CLANG_WARN_UNREACHABLE_CODE = YES;
				CLANG_WARN__DUPLICATE_METHOD_MATCH = YES;
				COPY_PHASE_STRIP = NO;
				DEBUG_INFORMATION_FORMAT = "dwarf-with-dsym";
				ENABLE_NS_ASSERTIONS = NO;
				ENABLE_STRICT_OBJC_MSGSEND = YES;
				GCC_C_LANGUAGE_STANDARD = gnu11;
				GCC_NO_COMMON_BLOCKS = YES;
				GCC_WARN_64_TO_32_BIT_CONVERSION = YES;
				GCC_WARN_ABOUT_RETURN_TYPE = YES_ERROR;
				GCC_WARN_UNDECLARED_SELECTOR = YES;
				GCC_WARN_UNINITIALIZED_AUTOS = YES_AGGRESSIVE;
				GCC_WARN_UNUSED_FUNCTION = YES;
				GCC_WARN_UNUSED_VARIABLE = YES;
				IPHONEOS_DEPLOYMENT_TARGET = 16.0;
				MTL_ENABLE_DEBUG_INFO = NO;
				MTL_FAST_MATH = YES;
				SDKROOT = iphoneos;
				SWIFT_COMPILATION_MODE = wholemodule;
				SWIFT_OPTIMIZATION_LEVEL = "-O";
				VALIDATE_PRODUCT = YES;
			};
			name = Release;
		};
		928275FC294BD3960014D631 /* Debug */ = {
			isa = XCBuildConfiguration;
			buildSettings = {
				ASSETCATALOG_COMPILER_APPICON_NAME = AppIcon;
				ASSETCATALOG_COMPILER_GLOBAL_ACCENT_COLOR_NAME = AccentColor;
				CODE_SIGN_STYLE = Automatic;
				CURRENT_PROJECT_VERSION = 1;
				DEVELOPMENT_ASSET_PATHS = "\"iExpense/Preview Content\"";
				DEVELOPMENT_TEAM = WSQUG76UX4;
				ENABLE_PREVIEWS = YES;
				GENERATE_INFOPLIST_FILE = YES;
				INFOPLIST_KEY_UIApplicationSceneManifest_Generation = YES;
				INFOPLIST_KEY_UIApplicationSupportsIndirectInputEvents = YES;
				INFOPLIST_KEY_UILaunchScreen_Generation = YES;
				INFOPLIST_KEY_UISupportedInterfaceOrientations_iPad = "UIInterfaceOrientationPortrait UIInterfaceOrientationPortraitUpsideDown UIInterfaceOrientationLandscapeLeft UIInterfaceOrientationLandscapeRight";
				INFOPLIST_KEY_UISupportedInterfaceOrientations_iPhone = "UIInterfaceOrientationPortrait UIInterfaceOrientationLandscapeLeft UIInterfaceOrientationLandscapeRight";
				LD_RUNPATH_SEARCH_PATHS = (
					"$(inherited)",
					"@executable_path/Frameworks",
				);
				MARKETING_VERSION = 1.0;
				PRODUCT_BUNDLE_IDENTIFIER = com.iamandywu.iExpense;
				PRODUCT_NAME = "$(TARGET_NAME)";
				SWIFT_EMIT_LOC_STRINGS = YES;
				SWIFT_VERSION = 5.0;
				TARGETED_DEVICE_FAMILY = "1,2";
			};
			name = Debug;
		};
		928275FD294BD3960014D631 /* Release */ = {
			isa = XCBuildConfiguration;
			buildSettings = {
				ASSETCATALOG_COMPILER_APPICON_NAME = AppIcon;
				ASSETCATALOG_COMPILER_GLOBAL_ACCENT_COLOR_NAME = AccentColor;
				CODE_SIGN_STYLE = Automatic;
				CURRENT_PROJECT_VERSION = 1;
				DEVELOPMENT_ASSET_PATHS = "\"iExpense/Preview Content\"";
				DEVELOPMENT_TEAM = WSQUG76UX4;
				ENABLE_PREVIEWS = YES;
				GENERATE_INFOPLIST_FILE = YES;
				INFOPLIST_KEY_UIApplicationSceneManifest_Generation = YES;
				INFOPLIST_KEY_UIApplicationSupportsIndirectInputEvents = YES;
				INFOPLIST_KEY_UILaunchScreen_Generation = YES;
				INFOPLIST_KEY_UISupportedInterfaceOrientations_iPad = "UIInterfaceOrientationPortrait UIInterfaceOrientationPortraitUpsideDown UIInterfaceOrientationLandscapeLeft UIInterfaceOrientationLandscapeRight";
				INFOPLIST_KEY_UISupportedInterfaceOrientations_iPhone = "UIInterfaceOrientationPortrait UIInterfaceOrientationLandscapeLeft UIInterfaceOrientationLandscapeRight";
				LD_RUNPATH_SEARCH_PATHS = (
					"$(inherited)",
					"@executable_path/Frameworks",
				);
				MARKETING_VERSION = 1.0;
				PRODUCT_BUNDLE_IDENTIFIER = com.iamandywu.iExpense;
				PRODUCT_NAME = "$(TARGET_NAME)";
				SWIFT_EMIT_LOC_STRINGS = YES;
				SWIFT_VERSION = 5.0;
				TARGETED_DEVICE_FAMILY = "1,2";
			};
			name = Release;
		};
/* End XCBuildConfiguration section */

/* Begin XCConfigurationList section */
		928275E8294BD3940014D631 /* Build configuration list for PBXProject "iExpense" */ = {
			isa = XCConfigurationList;
			buildConfigurations = (
				928275F9294BD3960014D631 /* Debug */,
				928275FA294BD3960014D631 /* Release */,
			);
			defaultConfigurationIsVisible = 0;
			defaultConfigurationName = Release;
		};
		928275FB294BD3960014D631 /* Build configuration list for PBXNativeTarget "iExpense" */ = {
			isa = XCConfigurationList;
			buildConfigurations = (
				928275FC294BD3960014D631 /* Debug */,
				928275FD294BD3960014D631 /* Release */,
			);
			defaultConfigurationIsVisible = 0;
			defaultConfigurationName = Release;
		};
/* End XCConfigurationList section */
	};
	rootObject = 928275E5294BD3940014D631 /* Project object */;
}
