// !$*UTF8*$!
{
	archiveVersion = 1;
	classes = {
	};
	objectVersion = 56;
	objects = {

/* Begin PBXBuildFile section */
		928AD4662956B414009B0652 /* DrawingApp.swift in Sources */ = {isa = PBXBuildFile; fileRef = 928AD4652956B414009B0652 /* DrawingApp.swift */; };
		928AD4682956B414009B0652 /* ContentView.swift in Sources */ = {isa = PBXBuildFile; fileRef = 928AD4672956B414009B0652 /* ContentView.swift */; };
		928AD46A2956B416009B0652 /* Assets.xcassets in Resources */ = {isa = PBXBuildFile; fileRef = 928AD4692956B416009B0652 /* Assets.xcassets */; };
		928AD46D2956B416009B0652 /* Preview Assets.xcassets in Resources */ = {isa = PBXBuildFile; fileRef = 928AD46C2956B416009B0652 /* Preview Assets.xcassets */; };
		928AD4762956B452009B0652 /* LICENSE in Resources */ = {isa = PBXBuildFile; fileRef = 928AD4732956B452009B0652 /* LICENSE */; };
		928AD4772956B452009B0652 /* README.md in Resources */ = {isa = PBXBuildFile; fileRef = 928AD4742956B452009B0652 /* README.md */; };
		928AD4782956B452009B0652 /* .gitignore in Resources */ = {isa = PBXBuildFile; fileRef = 928AD4752956B452009B0652 /* .gitignore */; };
		928AD47B2956B5BE009B0652 /* CustomPaths.swift in Sources */ = {isa = PBXBuildFile; fileRef = 928AD47A2956B5BE009B0652 /* CustomPaths.swift */; };
		928AD47D29580600009B0652 /* PathsVsShapes.swift in Sources */ = {isa = PBXBuildFile; fileRef = 928AD47C29580600009B0652 /* PathsVsShapes.swift */; };
		928AD47F29592A17009B0652 /* InsettableShape.swift in Sources */ = {isa = PBXBuildFile; fileRef = 928AD47E29592A17009B0652 /* InsettableShape.swift */; };
		928AD481295AC8BA009B0652 /* TransformingShapes.swift in Sources */ = {isa = PBXBuildFile; fileRef = 928AD480295AC8BA009B0652 /* TransformingShapes.swift */; };
		928AD483295BE70A009B0652 /* ImagePaintLesson.swift in Sources */ = {isa = PBXBuildFile; fileRef = 928AD482295BE70A009B0652 /* ImagePaintLesson.swift */; };
		928AD485295BF69C009B0652 /* DrawingGroupLesson.swift in Sources */ = {isa = PBXBuildFile; fileRef = 928AD484295BF69C009B0652 /* DrawingGroupLesson.swift */; };
		928AD487295C014E009B0652 /* SpecialEffects.swift in Sources */ = {isa = PBXBuildFile; fileRef = 928AD486295C014E009B0652 /* SpecialEffects.swift */; };
		928AD489295D28FE009B0652 /* AnimatableData.swift in Sources */ = {isa = PBXBuildFile; fileRef = 928AD488295D28FE009B0652 /* AnimatableData.swift */; };
		928AD48B295D2B06009B0652 /* AnimatablePairLesson.swift in Sources */ = {isa = PBXBuildFile; fileRef = 928AD48A295D2B06009B0652 /* AnimatablePairLesson.swift */; };
		928AD48D295D4D23009B0652 /* Spirograph.swift in Sources */ = {isa = PBXBuildFile; fileRef = 928AD48C295D4D23009B0652 /* Spirograph.swift */; };
/* End PBXBuildFile section */

/* Begin PBXFileReference section */
		928AD4622956B414009B0652 /* Drawing.app */ = {isa = PBXFileReference; explicitFileType = wrapper.application; includeInIndex = 0; path = Drawing.app; sourceTree = BUILT_PRODUCTS_DIR; };
		928AD4652956B414009B0652 /* DrawingApp.swift */ = {isa = PBXFileReference; lastKnownFileType = sourcecode.swift; path = DrawingApp.swift; sourceTree = "<group>"; };
		928AD4672956B414009B0652 /* ContentView.swift */ = {isa = PBXFileReference; lastKnownFileType = sourcecode.swift; path = ContentView.swift; sourceTree = "<group>"; };
		928AD4692956B416009B0652 /* Assets.xcassets */ = {isa = PBXFileReference; lastKnownFileType = folder.assetcatalog; path = Assets.xcassets; sourceTree = "<group>"; };
		928AD46C2956B416009B0652 /* Preview Assets.xcassets */ = {isa = PBXFileReference; lastKnownFileType = folder.assetcatalog; path = "Preview Assets.xcassets"; sourceTree = "<group>"; };
		928AD4732956B452009B0652 /* LICENSE */ = {isa = PBXFileReference; fileEncoding = 4; lastKnownFileType = text; path = LICENSE; sourceTree = "<group>"; };
		928AD4742956B452009B0652 /* README.md */ = {isa = PBXFileReference; fileEncoding = 4; lastKnownFileType = net.daringfireball.markdown; path = README.md; sourceTree = "<group>"; };
		928AD4752956B452009B0652 /* .gitignore */ = {isa = PBXFileReference; fileEncoding = 4; lastKnownFileType = text; path = .gitignore; sourceTree = "<group>"; };
		928AD47A2956B5BE009B0652 /* CustomPaths.swift */ = {isa = PBXFileReference; lastKnownFileType = sourcecode.swift; path = CustomPaths.swift; sourceTree = "<group>"; };
		928AD47C29580600009B0652 /* PathsVsShapes.swift */ = {isa = PBXFileReference; lastKnownFileType = sourcecode.swift; path = PathsVsShapes.swift; sourceTree = "<group>"; };
		928AD47E29592A17009B0652 /* InsettableShape.swift */ = {isa = PBXFileReference; lastKnownFileType = sourcecode.swift; path = InsettableShape.swift; sourceTree = "<group>"; };
		928AD480295AC8BA009B0652 /* TransformingShapes.swift */ = {isa = PBXFileReference; lastKnownFileType = sourcecode.swift; path = TransformingShapes.swift; sourceTree = "<group>"; };
		928AD482295BE70A009B0652 /* ImagePaintLesson.swift */ = {isa = PBXFileReference; lastKnownFileType = sourcecode.swift; path = ImagePaintLesson.swift; sourceTree = "<group>"; };
		928AD484295BF69C009B0652 /* DrawingGroupLesson.swift */ = {isa = PBXFileReference; lastKnownFileType = sourcecode.swift; path = DrawingGroupLesson.swift; sourceTree = "<group>"; };
		928AD486295C014E009B0652 /* SpecialEffects.swift */ = {isa = PBXFileReference; lastKnownFileType = sourcecode.swift; path = SpecialEffects.swift; sourceTree = "<group>"; };
		928AD488295D28FE009B0652 /* AnimatableData.swift */ = {isa = PBXFileReference; lastKnownFileType = sourcecode.swift; path = AnimatableData.swift; sourceTree = "<group>"; };
		928AD48A295D2B06009B0652 /* AnimatablePairLesson.swift */ = {isa = PBXFileReference; lastKnownFileType = sourcecode.swift; path = AnimatablePairLesson.swift; sourceTree = "<group>"; };
		928AD48C295D4D23009B0652 /* Spirograph.swift */ = {isa = PBXFileReference; lastKnownFileType = sourcecode.swift; path = Spirograph.swift; sourceTree = "<group>"; };
/* End PBXFileReference section */

/* Begin PBXFrameworksBuildPhase section */
		928AD45F2956B414009B0652 /* Frameworks */ = {
			isa = PBXFrameworksBuildPhase;
			buildActionMask = 2147483647;
			files = (
			);
			runOnlyForDeploymentPostprocessing = 0;
		};
/* End PBXFrameworksBuildPhase section */

/* Begin PBXGroup section */
		928AD4592956B414009B0652 = {
			isa = PBXGroup;
			children = (
				928AD4752956B452009B0652 /* .gitignore */,
				928AD4732956B452009B0652 /* LICENSE */,
				928AD4742956B452009B0652 /* README.md */,
				928AD4642956B414009B0652 /* Drawing */,
				928AD4632956B414009B0652 /* Products */,
			);
			sourceTree = "<group>";
		};
		928AD4632956B414009B0652 /* Products */ = {
			isa = PBXGroup;
			children = (
				928AD4622956B414009B0652 /* Drawing.app */,
			);
			name = Products;
			sourceTree = "<group>";
		};
		928AD4642956B414009B0652 /* Drawing */ = {
			isa = PBXGroup;
			children = (
				928AD4792956B5A8009B0652 /* Lesson */,
				928AD4652956B414009B0652 /* DrawingApp.swift */,
				928AD4672956B414009B0652 /* ContentView.swift */,
				928AD4692956B416009B0652 /* Assets.xcassets */,
				928AD46B2956B416009B0652 /* Preview Content */,
			);
			path = Drawing;
			sourceTree = "<group>";
		};
		928AD46B2956B416009B0652 /* Preview Content */ = {
			isa = PBXGroup;
			children = (
				928AD46C2956B416009B0652 /* Preview Assets.xcassets */,
			);
			path = "Preview Content";
			sourceTree = "<group>";
		};
		928AD4792956B5A8009B0652 /* Lesson */ = {
			isa = PBXGroup;
			children = (
				928AD47A2956B5BE009B0652 /* CustomPaths.swift */,
				928AD47C29580600009B0652 /* PathsVsShapes.swift */,
				928AD47E29592A17009B0652 /* InsettableShape.swift */,
				928AD480295AC8BA009B0652 /* TransformingShapes.swift */,
				928AD482295BE70A009B0652 /* ImagePaintLesson.swift */,
				928AD484295BF69C009B0652 /* DrawingGroupLesson.swift */,
				928AD486295C014E009B0652 /* SpecialEffects.swift */,
				928AD488295D28FE009B0652 /* AnimatableData.swift */,
				928AD48A295D2B06009B0652 /* AnimatablePairLesson.swift */,
				928AD48C295D4D23009B0652 /* Spirograph.swift */,
			);
			path = Lesson;
			sourceTree = "<group>";
		};
/* End PBXGroup section */

/* Begin PBXNativeTarget section */
		928AD4612956B414009B0652 /* Drawing */ = {
			isa = PBXNativeTarget;
			buildConfigurationList = 928AD4702956B416009B0652 /* Build configuration list for PBXNativeTarget "Drawing" */;
			buildPhases = (
				928AD45E2956B414009B0652 /* Sources */,
				928AD45F2956B414009B0652 /* Frameworks */,
				928AD4602956B414009B0652 /* Resources */,
			);
			buildRules = (
			);
			dependencies = (
			);
			name = Drawing;
			productName = Drawing;
			productReference = 928AD4622956B414009B0652 /* Drawing.app */;
			productType = "com.apple.product-type.application";
		};
/* End PBXNativeTarget section */

/* Begin PBXProject section */
		928AD45A2956B414009B0652 /* Project object */ = {
			isa = PBXProject;
			attributes = {
				BuildIndependentTargetsInParallel = 1;
				LastSwiftUpdateCheck = 1400;
				LastUpgradeCheck = 1400;
				TargetAttributes = {
					928AD4612956B414009B0652 = {
						CreatedOnToolsVersion = 14.0.1;
					};
				};
			};
			buildConfigurationList = 928AD45D2956B414009B0652 /* Build configuration list for PBXProject "Drawing" */;
			compatibilityVersion = "Xcode 14.0";
			developmentRegion = en;
			hasScannedForEncodings = 0;
			knownRegions = (
				en,
				Base,
			);
			mainGroup = 928AD4592956B414009B0652;
			productRefGroup = 928AD4632956B414009B0652 /* Products */;
			projectDirPath = "";
			projectRoot = "";
			targets = (
				928AD4612956B414009B0652 /* Drawing */,
			);
		};
/* End PBXProject section */

/* Begin PBXResourcesBuildPhase section */
		928AD4602956B414009B0652 /* Resources */ = {
			isa = PBXResourcesBuildPhase;
			buildActionMask = 2147483647;
			files = (
				928AD4782956B452009B0652 /* .gitignore in Resources */,
				928AD4762956B452009B0652 /* LICENSE in Resources */,
				928AD46D2956B416009B0652 /* Preview Assets.xcassets in Resources */,
				928AD4772956B452009B0652 /* README.md in Resources */,
				928AD46A2956B416009B0652 /* Assets.xcassets in Resources */,
			);
			runOnlyForDeploymentPostprocessing = 0;
		};
/* End PBXResourcesBuildPhase section */

/* Begin PBXSourcesBuildPhase section */
		928AD45E2956B414009B0652 /* Sources */ = {
			isa = PBXSourcesBuildPhase;
			buildActionMask = 2147483647;
			files = (
				928AD485295BF69C009B0652 /* DrawingGroupLesson.swift in Sources */,
				928AD483295BE70A009B0652 /* ImagePaintLesson.swift in Sources */,
				928AD48D295D4D23009B0652 /* Spirograph.swift in Sources */,
				928AD47B2956B5BE009B0652 /* CustomPaths.swift in Sources */,
				928AD4682956B414009B0652 /* ContentView.swift in Sources */,
				928AD47D29580600009B0652 /* PathsVsShapes.swift in Sources */,
				928AD487295C014E009B0652 /* SpecialEffects.swift in Sources */,
				928AD481295AC8BA009B0652 /* TransformingShapes.swift in Sources */,
				928AD48B295D2B06009B0652 /* AnimatablePairLesson.swift in Sources */,
				928AD47F29592A17009B0652 /* InsettableShape.swift in Sources */,
				928AD4662956B414009B0652 /* DrawingApp.swift in Sources */,
				928AD489295D28FE009B0652 /* AnimatableData.swift in Sources */,
			);
			runOnlyForDeploymentPostprocessing = 0;
		};
/* End PBXSourcesBuildPhase section */

/* Begin XCBuildConfiguration section */
		928AD46E2956B416009B0652 /* Debug */ = {
			isa = XCBuildConfiguration;
			buildSettings = {
				ALWAYS_SEARCH_USER_PATHS = NO;
				CLANG_ANALYZER_NONNULL = YES;
				CLANG_ANALYZER_NUMBER_OBJECT_CONVERSION = YES_AGGRESSIVE;
				CLANG_CXX_LANGUAGE_STANDARD = "gnu++20";
				CLANG_ENABLE_MODULES = YES;
				CLANG_ENABLE_OBJC_ARC = YES;
				CLANG_ENABLE_OBJC_WEAK = YES;
				CLANG_WARN_BLOCK_CAPTURE_AUTORELEASING = YES;
				CLANG_WARN_BOOL_CONVERSION = YES;
				CLANG_WARN_COMMA = YES;
				CLANG_WARN_CONSTANT_CONVERSION = YES;
				CLANG_WARN_DEPRECATED_OBJC_IMPLEMENTATIONS = YES;
				CLANG_WARN_DIRECT_OBJC_ISA_USAGE = YES_ERROR;
				CLANG_WARN_DOCUMENTATION_COMMENTS = YES;
				CLANG_WARN_EMPTY_BODY = YES;
				CLANG_WARN_ENUM_CONVERSION = YES;
				CLANG_WARN_INFINITE_RECURSION = YES;
				CLANG_WARN_INT_CONVERSION = YES;
				CLANG_WARN_NON_LITERAL_NULL_CONVERSION = YES;
				CLANG_WARN_OBJC_IMPLICIT_RETAIN_SELF = YES;
				CLANG_WARN_OBJC_LITERAL_CONVERSION = YES;
				CLANG_WARN_OBJC_ROOT_CLASS = YES_ERROR;
				CLANG_WARN_QUOTED_INCLUDE_IN_FRAMEWORK_HEADER = YES;
				CLANG_WARN_RANGE_LOOP_ANALYSIS = YES;
				CLANG_WARN_STRICT_PROTOTYPES = YES;
				CLANG_WARN_SUSPICIOUS_MOVE = YES;
				CLANG_WARN_UNGUARDED_AVAILABILITY = YES_AGGRESSIVE;
				CLANG_WARN_UNREACHABLE_CODE = YES;
				CLANG_WARN__DUPLICATE_METHOD_MATCH = YES;
				COPY_PHASE_STRIP = NO;
				DEBUG_INFORMATION_FORMAT = dwarf;
				ENABLE_STRICT_OBJC_MSGSEND = YES;
				ENABLE_TESTABILITY = YES;
				GCC_C_LANGUAGE_STANDARD = gnu11;
				GCC_DYNAMIC_NO_PIC = NO;
				GCC_NO_COMMON_BLOCKS = YES;
				GCC_OPTIMIZATION_LEVEL = 0;
				GCC_PREPROCESSOR_DEFINITIONS = (
					"DEBUG=1",
					"$(inherited)",
				);
				GCC_WARN_64_TO_32_BIT_CONVERSION = YES;
				GCC_WARN_ABOUT_RETURN_TYPE = YES_ERROR;
				GCC_WARN_UNDECLARED_SELECTOR = YES;
				GCC_WARN_UNINITIALIZED_AUTOS = YES_AGGRESSIVE;
				GCC_WARN_UNUSED_FUNCTION = YES;
				GCC_WARN_UNUSED_VARIABLE = YES;
				IPHONEOS_DEPLOYMENT_TARGET = 16.0;
				MTL_ENABLE_DEBUG_INFO = INCLUDE_SOURCE;
				MTL_FAST_MATH = YES;
				ONLY_ACTIVE_ARCH = YES;
				SDKROOT = iphoneos;
				SWIFT_ACTIVE_COMPILATION_CONDITIONS = DEBUG;
				SWIFT_OPTIMIZATION_LEVEL = "-Onone";
			};
			name = Debug;
		};
		928AD46F2956B416009B0652 /* Release */ = {
			isa = XCBuildConfiguration;
			buildSettings = {
				ALWAYS_SEARCH_USER_PATHS = NO;
				CLANG_ANALYZER_NONNULL = YES;
				CLANG_ANALYZER_NUMBER_OBJECT_CONVERSION = YES_AGGRESSIVE;
				CLANG_CXX_LANGUAGE_STANDARD = "gnu++20";
				CLANG_ENABLE_MODULES = YES;
				CLANG_ENABLE_OBJC_ARC = YES;
				CLANG_ENABLE_OBJC_WEAK = YES;
				CLANG_WARN_BLOCK_CAPTURE_AUTORELEASING = YES;
				CLANG_WARN_BOOL_CONVERSION = YES;
				CLANG_WARN_COMMA = YES;
				CLANG_WARN_CONSTANT_CONVERSION = YES;
				CLANG_WARN_DEPRECATED_OBJC_IMPLEMENTATIONS = YES;
				CLANG_WARN_DIRECT_OBJC_ISA_USAGE = YES_ERROR;
				CLANG_WARN_DOCUMENTATION_COMMENTS = YES;
				CLANG_WARN_EMPTY_BODY = YES;
				CLANG_WARN_ENUM_CONVERSION = YES;
				CLANG_WARN_INFINITE_RECURSION = YES;
				CLANG_WARN_INT_CONVERSION = YES;
				CLANG_WARN_NON_LITERAL_NULL_CONVERSION = YES;
				CLANG_WARN_OBJC_IMPLICIT_RETAIN_SELF = YES;
				CLANG_WARN_OBJC_LITERAL_CONVERSION = YES;
				CLANG_WARN_OBJC_ROOT_CLASS = YES_ERROR;
				CLANG_WARN_QUOTED_INCLUDE_IN_FRAMEWORK_HEADER = YES;
				CLANG_WARN_RANGE_LOOP_ANALYSIS = YES;
				CLANG_WARN_STRICT_PROTOTYPES = YES;
				CLANG_WARN_SUSPICIOUS_MOVE = YES;
				CLANG_WARN_UNGUARDED_AVAILABILITY = YES_AGGRESSIVE;
				CLANG_WARN_UNREACHABLE_CODE = YES;
				CLANG_WARN__DUPLICATE_METHOD_MATCH = YES;
				COPY_PHASE_STRIP = NO;
				DEBUG_INFORMATION_FORMAT = "dwarf-with-dsym";
				ENABLE_NS_ASSERTIONS = NO;
				ENABLE_STRICT_OBJC_MSGSEND = YES;
				GCC_C_LANGUAGE_STANDARD = gnu11;
				GCC_NO_COMMON_BLOCKS = YES;
				GCC_WARN_64_TO_32_BIT_CONVERSION = YES;
				GCC_WARN_ABOUT_RETURN_TYPE = YES_ERROR;
				GCC_WARN_UNDECLARED_SELECTOR = YES;
				GCC_WARN_UNINITIALIZED_AUTOS = YES_AGGRESSIVE;
				GCC_WARN_UNUSED_FUNCTION = YES;
				GCC_WARN_UNUSED_VARIABLE = YES;
				IPHONEOS_DEPLOYMENT_TARGET = 16.0;
				MTL_ENABLE_DEBUG_INFO = NO;
				MTL_FAST_MATH = YES;
				SDKROOT = iphoneos;
				SWIFT_COMPILATION_MODE = wholemodule;
				SWIFT_OPTIMIZATION_LEVEL = "-O";
				VALIDATE_PRODUCT = YES;
			};
			name = Release;
		};
		928AD4712956B416009B0652 /* Debug */ = {
			isa = XCBuildConfiguration;
			buildSettings = {
				ASSETCATALOG_COMPILER_APPICON_NAME = AppIcon;
				ASSETCATALOG_COMPILER_GLOBAL_ACCENT_COLOR_NAME = AccentColor;
				CODE_SIGN_STYLE = Automatic;
				CURRENT_PROJECT_VERSION = 1;
				DEVELOPMENT_ASSET_PATHS = "\"Drawing/Preview Content\"";
				DEVELOPMENT_TEAM = WSQUG76UX4;
				ENABLE_PREVIEWS = YES;
				GENERATE_INFOPLIST_FILE = YES;
				INFOPLIST_KEY_UIApplicationSceneManifest_Generation = YES;
				INFOPLIST_KEY_UIApplicationSupportsIndirectInputEvents = YES;
				INFOPLIST_KEY_UILaunchScreen_Generation = YES;
				INFOPLIST_KEY_UISupportedInterfaceOrientations_iPad = "UIInterfaceOrientationPortrait UIInterfaceOrientationPortraitUpsideDown UIInterfaceOrientationLandscapeLeft UIInterfaceOrientationLandscapeRight";
				INFOPLIST_KEY_UISupportedInterfaceOrientations_iPhone = "UIInterfaceOrientationPortrait UIInterfaceOrientationLandscapeLeft UIInterfaceOrientationLandscapeRight";
				LD_RUNPATH_SEARCH_PATHS = (
					"$(inherited)",
					"@executable_path/Frameworks",
				);
				MARKETING_VERSION = 1.0;
				PRODUCT_BUNDLE_IDENTIFIER = com.iamandywu.Drawing;
				PRODUCT_NAME = "$(TARGET_NAME)";
				SWIFT_EMIT_LOC_STRINGS = YES;
				SWIFT_VERSION = 5.0;
				TARGETED_DEVICE_FAMILY = "1,2";
			};
			name = Debug;
		};
		928AD4722956B416009B0652 /* Release */ = {
			isa = XCBuildConfiguration;
			buildSettings = {
				ASSETCATALOG_COMPILER_APPICON_NAME = AppIcon;
				ASSETCATALOG_COMPILER_GLOBAL_ACCENT_COLOR_NAME = AccentColor;
				CODE_SIGN_STYLE = Automatic;
				CURRENT_PROJECT_VERSION = 1;
				DEVELOPMENT_ASSET_PATHS = "\"Drawing/Preview Content\"";
				DEVELOPMENT_TEAM = WSQUG76UX4;
				ENABLE_PREVIEWS = YES;
				GENERATE_INFOPLIST_FILE = YES;
				INFOPLIST_KEY_UIApplicationSceneManifest_Generation = YES;
				INFOPLIST_KEY_UIApplicationSupportsIndirectInputEvents = YES;
				INFOPLIST_KEY_UILaunchScreen_Generation = YES;
				INFOPLIST_KEY_UISupportedInterfaceOrientations_iPad = "UIInterfaceOrientationPortrait UIInterfaceOrientationPortraitUpsideDown UIInterfaceOrientationLandscapeLeft UIInterfaceOrientationLandscapeRight";
				INFOPLIST_KEY_UISupportedInterfaceOrientations_iPhone = "UIInterfaceOrientationPortrait UIInterfaceOrientationLandscapeLeft UIInterfaceOrientationLandscapeRight";
				LD_RUNPATH_SEARCH_PATHS = (
					"$(inherited)",
					"@executable_path/Frameworks",
				);
				MARKETING_VERSION = 1.0;
				PRODUCT_BUNDLE_IDENTIFIER = com.iamandywu.Drawing;
				PRODUCT_NAME = "$(TARGET_NAME)";
				SWIFT_EMIT_LOC_STRINGS = YES;
				SWIFT_VERSION = 5.0;
				TARGETED_DEVICE_FAMILY = "1,2";
			};
			name = Release;
		};
/* End XCBuildConfiguration section */

/* Begin XCConfigurationList section */
		928AD45D2956B414009B0652 /* Build configuration list for PBXProject "Drawing" */ = {
			isa = XCConfigurationList;
			buildConfigurations = (
				928AD46E2956B416009B0652 /* Debug */,
				928AD46F2956B416009B0652 /* Release */,
			);
			defaultConfigurationIsVisible = 0;
			defaultConfigurationName = Release;
		};
		928AD4702956B416009B0652 /* Build configuration list for PBXNativeTarget "Drawing" */ = {
			isa = XCConfigurationList;
			buildConfigurations = (
				928AD4712956B416009B0652 /* Debug */,
				928AD4722956B416009B0652 /* Release */,
			);
			defaultConfigurationIsVisible = 0;
			defaultConfigurationName = Release;
		};
/* End XCConfigurationList section */
	};
	rootObject = 928AD45A2956B414009B0652 /* Project object */;
}
